
Microsoft Visual Studio Solution File, Format Version 12.00
# Visual Studio 15
VisualStudioVersion = 15.0.26124.0
MinimumVisualStudioVersion = 15.0.26124.0
Project("{2150E333-8FDC-42A3-9474-1A3956D46DE8}") = "src", "src", "{87E0BF84-1187-487A-8152-BFF340283A80}"
EndProject
Project("{FAE04EC0-301F-11D3-BF4B-00C04F79EFBC}") = "GradeBook", "src\GradeBook\GradeBook.csproj", "{F2510D4D-5001-4097-B4DF-156DC1D888E5}"
EndProject
Project("{2150E333-8FDC-42A3-9474-1A3956D46DE8}") = "test", "test", "{C4270D45-E1D0-4173-89A6-7AAFF8B06DAB}"
EndProject
Project("{FAE04EC0-301F-11D3-BF4B-00C04F79EFBC}") = "GradeBook.Tests", "test\GradeBook.Tests\GradeBook.Tests.csproj", "{A64B4022-D113-461B-B59F-1CC419B278DB}"
EndProject
Global
	GlobalSection(SolutionConfigurationPlatforms) = preSolution
		Debug|Any CPU = Debug|Any CPU
		Debug|x64 = Debug|x64
		Debug|x86 = Debug|x86
		Release|Any CPU = Release|Any CPU
		Release|x64 = Release|x64
		Release|x86 = Release|x86
	EndGlobalSection
	GlobalSection(SolutionProperties) = preSolution
		HideSolutionNode = FALSE
	EndGlobalSection
	GlobalSection(ProjectConfigurationPlatforms) = postSolution
		{F2510D4D-5001-4097-B4DF-156DC1D888E5}.Debug|Any CPU.ActiveCfg = Debug|Any CPU
		{F2510D4D-5001-4097-B4DF-156DC1D888E5}.Debug|Any CPU.Build.0 = Debug|Any CPU
		{F2510D4D-5001-4097-B4DF-156DC1D888E5}.Debug|x64.ActiveCfg = Debug|Any CPU
		{F2510D4D-5001-4097-B4DF-156DC1D888E5}.Debug|x64.Build.0 = Debug|Any CPU
		{F2510D4D-5001-4097-B4DF-156DC1D888E5}.Debug|x86.ActiveCfg = Debug|Any CPU
		{F2510D4D-5001-4097-B4DF-156DC1D888E5}.Debug|x86.Build.0 = Debug|Any CPU
		{F2510D4D-5001-4097-B4DF-156DC1D888E5}.Release|Any CPU.ActiveCfg = Release|Any CPU
		{F2510D4D-5001-4097-B4DF-156DC1D888E5}.Release|Any CPU.Build.0 = Release|Any CPU
		{F2510D4D-5001-4097-B4DF-156DC1D888E5}.Release|x64.ActiveCfg = Release|Any CPU
		{F2510D4D-5001-4097-B4DF-156DC1D888E5}.Release|x64.Build.0 = Release|Any CPU
		{F2510D4D-5001-4097-B4DF-156DC1D888E5}.Release|x86.ActiveCfg = Release|Any CPU
		{F2510D4D-5001-4097-B4DF-156DC1D888E5}.Release|x86.Build.0 = Release|Any CPU
		{A64B4022-D113-461B-B59F-1CC419B278DB}.Debug|Any CPU.ActiveCfg = Debug|Any CPU
		{A64B4022-D113-461B-B59F-1CC419B278DB}.Debug|Any CPU.Build.0 = Debug|Any CPU
		{A64B4022-D113-461B-B59F-1CC419B278DB}.Debug|x64.ActiveCfg = Debug|Any CPU
		{A64B4022-D113-461B-B59F-1CC419B278DB}.Debug|x64.Build.0 = Debug|Any CPU
		{A64B4022-D113-461B-B59F-1CC419B278DB}.Debug|x86.ActiveCfg = Debug|Any CPU
		{A64B4022-D113-461B-B59F-1CC419B278DB}.Debug|x86.Build.0 = Debug|Any CPU
		{A64B4022-D113-461B-B59F-1CC419B278DB}.Release|Any CPU.ActiveCfg = Release|Any CPU
		{A64B4022-D113-461B-B59F-1CC419B278DB}.Release|Any CPU.Build.0 = Release|Any CPU
		{A64B4022-D113-461B-B59F-1CC419B278DB}.Release|x64.ActiveCfg = Release|Any CPU
		{A64B4022-D113-461B-B59F-1CC419B278DB}.Release|x64.Build.0 = Release|Any CPU
		{A64B4022-D113-461B-B59F-1CC419B278DB}.Release|x86.ActiveCfg = Release|Any CPU
		{A64B4022-D113-461B-B59F-1CC419B278DB}.Release|x86.Build.0 = Release|Any CPU
	EndGlobalSection
	GlobalSection(NestedProjects) = preSolution
		{F2510D4D-5001-4097-B4DF-156DC1D888E5} = {87E0BF84-1187-487A-8152-BFF340283A80}
		{A64B4022-D113-461B-B59F-1CC419B278DB} = {C4270D45-E1D0-4173-89A6-7AAFF8B06DAB}
	EndGlobalSection
EndGlobal
